
Microsoft Visual Studio Solution File, Format Version 12.00
# Visual Studio Version 16
VisualStudioVersion = 16.0.28407.52
MinimumVisualStudioVersion = 10.0.40219.1
Project("{9A19103F-16F7-4668-BE54-9A1E7A4F7556}") = "PgsToSrt", "PgsToSrt\PgsToSrt.csproj", "{EA301B7E-3C30-4D3B-98EA-EFBC03AB7085}"
EndProject
Project("{9A19103F-16F7-4668-BE54-9A1E7A4F7556}") = "zlib.net", "zlibnet\zlib.net.csproj", "{F927A65D-758E-44EC-BAA3-7D4C1FF202E4}"
EndProject
Project("{9A19103F-16F7-4668-BE54-9A1E7A4F7556}") = "LibSE", "libse\LibSE.csproj", "{56A408E4-5255-45EB-A356-2BAF786D10DB}"
EndProject
Global
	GlobalSection(SolutionConfigurationPlatforms) = preSolution
		Debug|Any CPU = Debug|Any CPU
		Release|Any CPU = Release|Any CPU
	EndGlobalSection
	GlobalSection(ProjectConfigurationPlatforms) = postSolution
		{EA301B7E-3C30-4D3B-98EA-EFBC03AB7085}.Debug|Any CPU.ActiveCfg = Debug|Any CPU
		{EA301B7E-3C30-4D3B-98EA-EFBC03AB7085}.Debug|Any CPU.Build.0 = Debug|Any CPU
		{EA301B7E-3C30-4D3B-98EA-EFBC03AB7085}.Release|Any CPU.ActiveCfg = Release|Any CPU
		{EA301B7E-3C30-4D3B-98EA-EFBC03AB7085}.Release|Any CPU.Build.0 = Release|Any CPU
		{F927A65D-758E-44EC-BAA3-7D4C1FF202E4}.Debug|Any CPU.ActiveCfg = Debug|Any CPU
		{F927A65D-758E-44EC-BAA3-7D4C1FF202E4}.Debug|Any CPU.Build.0 = Debug|Any CPU
		{F927A65D-758E-44EC-BAA3-7D4C1FF202E4}.Release|Any CPU.ActiveCfg = Release|Any CPU
		{F927A65D-758E-44EC-BAA3-7D4C1FF202E4}.Release|Any CPU.Build.0 = Release|Any CPU
		{56A408E4-5255-45EB-A356-2BAF786D10DB}.Debug|Any CPU.ActiveCfg = Debug|Any CPU
		{56A408E4-5255-45EB-A356-2BAF786D10DB}.Debug|Any CPU.Build.0 = Debug|Any CPU
		{56A408E4-5255-45EB-A356-2BAF786D10DB}.Release|Any CPU.ActiveCfg = Release|Any CPU
		{56A408E4-5255-45EB-A356-2BAF786D10DB}.Release|Any CPU.Build.0 = Release|Any CPU
	EndGlobalSection
	GlobalSection(SolutionProperties) = preSolution
		HideSolutionNode = FALSE
	EndGlobalSection
	GlobalSection(ExtensibilityGlobals) = postSolution
		SolutionGuid = {6CC5BBD1-197F-4C3B-AEFB-D94219164EEA}
	EndGlobalSection
EndGlobal
